
Microsoft Visual Studio Solution File, Format Version 12.00
# Visual Studio 15
VisualStudioVersion = 15.0.27004.2010
MinimumVisualStudioVersion = 10.0.40219.1
Project("{8BC9CEB8-8B4A-11D0-8D11-00A0C91BC942}") = "Fractal_Creator", "Fractal_Creator\Fractal_Creator.vcxproj", "{648E4089-FC40-442F-88A1-BFB2ACFBA661}"
EndProject
Global
	GlobalSection(SolutionConfigurationPlatforms) = preSolution
		Debug|x64 = Debug|x64
		Debug|x86 = Debug|x86
		Release|x64 = Release|x64
		Release|x86 = Release|x86
	EndGlobalSection
	GlobalSection(ProjectConfigurationPlatforms) = postSolution
		{648E4089-FC40-442F-88A1-BFB2ACFBA661}.Debug|x64.ActiveCfg = Debug|x64
		{648E4089-FC40-442F-88A1-BFB2ACFBA661}.Debug|x64.Build.0 = Debug|x64
		{648E4089-FC40-442F-88A1-BFB2ACFBA661}.Debug|x86.ActiveCfg = Debug|Win32
		{648E4089-FC40-442F-88A1-BFB2ACFBA661}.Debug|x86.Build.0 = Debug|Win32
		{648E4089-FC40-442F-88A1-BFB2ACFBA661}.Release|x64.ActiveCfg = Release|x64
		{648E4089-FC40-442F-88A1-BFB2ACFBA661}.Release|x64.Build.0 = Release|x64
		{648E4089-FC40-442F-88A1-BFB2ACFBA661}.Release|x86.ActiveCfg = Release|Win32
		{648E4089-FC40-442F-88A1-BFB2ACFBA661}.Release|x86.Build.0 = Release|Win32
	EndGlobalSection
	GlobalSection(SolutionProperties) = preSolution
		HideSolutionNode = FALSE
	EndGlobalSection
	GlobalSection(ExtensibilityGlobals) = postSolution
		SolutionGuid = {2FD71103-4325-4963-B89A-43C23FCF1C8B}
	EndGlobalSection
EndGlobal
